// !$*UTF8*$!
{
	archiveVersion = 1;
	classes = {
	};
	objectVersion = 50;
	objects = {

/* Begin PBXBuildFile section */
		01D667742450BD7F0024634C /* AppDelegate.swift in Sources */ = {isa = PBXBuildFile; fileRef = 01D667732450BD7F0024634C /* AppDelegate.swift */; };
		01D667762450BD7F0024634C /* SceneDelegate.swift in Sources */ = {isa = PBXBuildFile; fileRef = 01D667752450BD7F0024634C /* SceneDelegate.swift */; };
		01D667792450BD7F0024634C /* BeCare.xcdatamodeld in Sources */ = {isa = PBXBuildFile; fileRef = 01D667772450BD7F0024634C /* BeCare.xcdatamodeld */; };
		01D6677B2450BD7F0024634C /* ContentView.swift in Sources */ = {isa = PBXBuildFile; fileRef = 01D6677A2450BD7F0024634C /* ContentView.swift */; };
		01D6677D2450BD820024634C /* Assets.xcassets in Resources */ = {isa = PBXBuildFile; fileRef = 01D6677C2450BD820024634C /* Assets.xcassets */; };
		01D667802450BD820024634C /* Preview Assets.xcassets in Resources */ = {isa = PBXBuildFile; fileRef = 01D6677F2450BD820024634C /* Preview Assets.xcassets */; };
		01D667832450BD820024634C /* LaunchScreen.storyboard in Resources */ = {isa = PBXBuildFile; fileRef = 01D667812450BD820024634C /* LaunchScreen.storyboard */; };
		01D6678E2450BE050024634C /* ReminderModel.swift in Sources */ = {isa = PBXBuildFile; fileRef = 01D6678B2450BE050024634C /* ReminderModel.swift */; };
		01D6678F2450BE050024634C /* TripModel.swift in Sources */ = {isa = PBXBuildFile; fileRef = 01D6678C2450BE050024634C /* TripModel.swift */; };
		01D667902450BE050024634C /* VehicleModel.swift in Sources */ = {isa = PBXBuildFile; fileRef = 01D6678D2450BE050024634C /* VehicleModel.swift */; };
		01D667922450BE0A0024634C /* Helpers.swift in Sources */ = {isa = PBXBuildFile; fileRef = 01D667912450BE0A0024634C /* Helpers.swift */; };
		01D667982450BE110024634C /* PageDotView.swift in Sources */ = {isa = PBXBuildFile; fileRef = 01D667942450BE110024634C /* PageDotView.swift */; };
		01D667992450BE110024634C /* OnBoarding.swift in Sources */ = {isa = PBXBuildFile; fileRef = 01D667952450BE110024634C /* OnBoarding.swift */; };
		01D6679A2450BE110024634C /* PageViewController.swift in Sources */ = {isa = PBXBuildFile; fileRef = 01D667962450BE110024634C /* PageViewController.swift */; };
		01D6679B2450BE110024634C /* Subview.swift in Sources */ = {isa = PBXBuildFile; fileRef = 01D667972450BE110024634C /* Subview.swift */; };
		01D6679D2450BEBF0024634C /* ReminderView.swift in Sources */ = {isa = PBXBuildFile; fileRef = 01D6679C2450BEBF0024634C /* ReminderView.swift */; };
		01D6679F2450BF710024634C /* ReportView.swift in Sources */ = {isa = PBXBuildFile; fileRef = 01D6679E2450BF710024634C /* ReportView.swift */; };
		01D667A22450C43C0024634C /* AddReminder.swift in Sources */ = {isa = PBXBuildFile; fileRef = 01D667A12450C43C0024634C /* AddReminder.swift */; };
/* End PBXBuildFile section */

/* Begin PBXFileReference section */
		01D667702450BD7F0024634C /* BeCare.app */ = {isa = PBXFileReference; explicitFileType = wrapper.application; includeInIndex = 0; path = BeCare.app; sourceTree = BUILT_PRODUCTS_DIR; };
		01D667732450BD7F0024634C /* AppDelegate.swift */ = {isa = PBXFileReference; lastKnownFileType = sourcecode.swift; path = AppDelegate.swift; sourceTree = "<group>"; };
		01D667752450BD7F0024634C /* SceneDelegate.swift */ = {isa = PBXFileReference; lastKnownFileType = sourcecode.swift; path = SceneDelegate.swift; sourceTree = "<group>"; };
		01D667782450BD7F0024634C /* BeCare.xcdatamodel */ = {isa = PBXFileReference; lastKnownFileType = wrapper.xcdatamodel; path = BeCare.xcdatamodel; sourceTree = "<group>"; };
		01D6677A2450BD7F0024634C /* ContentView.swift */ = {isa = PBXFileReference; lastKnownFileType = sourcecode.swift; path = ContentView.swift; sourceTree = "<group>"; };
		01D6677C2450BD820024634C /* Assets.xcassets */ = {isa = PBXFileReference; lastKnownFileType = folder.assetcatalog; path = Assets.xcassets; sourceTree = "<group>"; };
		01D6677F2450BD820024634C /* Preview Assets.xcassets */ = {isa = PBXFileReference; lastKnownFileType = folder.assetcatalog; path = "Preview Assets.xcassets"; sourceTree = "<group>"; };
		01D667822450BD820024634C /* Base */ = {isa = PBXFileReference; lastKnownFileType = file.storyboard; name = Base; path = Base.lproj/LaunchScreen.storyboard; sourceTree = "<group>"; };
		01D667842450BD820024634C /* Info.plist */ = {isa = PBXFileReference; lastKnownFileType = text.plist.xml; path = Info.plist; sourceTree = "<group>"; };
		01D6678B2450BE050024634C /* ReminderModel.swift */ = {isa = PBXFileReference; fileEncoding = 4; lastKnownFileType = sourcecode.swift; path = ReminderModel.swift; sourceTree = "<group>"; };
		01D6678C2450BE050024634C /* TripModel.swift */ = {isa = PBXFileReference; fileEncoding = 4; lastKnownFileType = sourcecode.swift; path = TripModel.swift; sourceTree = "<group>"; };
		01D6678D2450BE050024634C /* VehicleModel.swift */ = {isa = PBXFileReference; fileEncoding = 4; lastKnownFileType = sourcecode.swift; path = VehicleModel.swift; sourceTree = "<group>"; };
		01D667912450BE0A0024634C /* Helpers.swift */ = {isa = PBXFileReference; fileEncoding = 4; lastKnownFileType = sourcecode.swift; path = Helpers.swift; sourceTree = "<group>"; };
		01D667942450BE110024634C /* PageDotView.swift */ = {isa = PBXFileReference; fileEncoding = 4; lastKnownFileType = sourcecode.swift; path = PageDotView.swift; sourceTree = "<group>"; };
		01D667952450BE110024634C /* OnBoarding.swift */ = {isa = PBXFileReference; fileEncoding = 4; lastKnownFileType = sourcecode.swift; path = OnBoarding.swift; sourceTree = "<group>"; };
		01D667962450BE110024634C /* PageViewController.swift */ = {isa = PBXFileReference; fileEncoding = 4; lastKnownFileType = sourcecode.swift; path = PageViewController.swift; sourceTree = "<group>"; };
		01D667972450BE110024634C /* Subview.swift */ = {isa = PBXFileReference; fileEncoding = 4; lastKnownFileType = sourcecode.swift; path = Subview.swift; sourceTree = "<group>"; };
		01D6679C2450BEBF0024634C /* ReminderView.swift */ = {isa = PBXFileReference; lastKnownFileType = sourcecode.swift; path = ReminderView.swift; sourceTree = "<group>"; };
		01D6679E2450BF710024634C /* ReportView.swift */ = {isa = PBXFileReference; lastKnownFileType = sourcecode.swift; path = ReportView.swift; sourceTree = "<group>"; };
		01D667A12450C43C0024634C /* AddReminder.swift */ = {isa = PBXFileReference; lastKnownFileType = sourcecode.swift; path = AddReminder.swift; sourceTree = "<group>"; };
/* End PBXFileReference section */

/* Begin PBXFrameworksBuildPhase section */
		01D6676D2450BD7F0024634C /* Frameworks */ = {
			isa = PBXFrameworksBuildPhase;
			buildActionMask = 2147483647;
			files = (
			);
			runOnlyForDeploymentPostprocessing = 0;
		};
/* End PBXFrameworksBuildPhase section */

/* Begin PBXGroup section */
		01D667672450BD7F0024634C = {
			isa = PBXGroup;
			children = (
				01D667722450BD7F0024634C /* BeCare */,
				01D667712450BD7F0024634C /* Products */,
			);
			sourceTree = "<group>";
		};
		01D667712450BD7F0024634C /* Products */ = {
			isa = PBXGroup;
			children = (
				01D667702450BD7F0024634C /* BeCare.app */,
			);
			name = Products;
			sourceTree = "<group>";
		};
		01D667722450BD7F0024634C /* BeCare */ = {
			isa = PBXGroup;
			children = (
				01D667A02450C42E0024634C /* Reminder */,
				01D667932450BE110024634C /* OnBoarding */,
				01D6678A2450BE050024634C /* Models */,
				01D667732450BD7F0024634C /* AppDelegate.swift */,
				01D667752450BD7F0024634C /* SceneDelegate.swift */,
				01D6677A2450BD7F0024634C /* ContentView.swift */,
				01D6679E2450BF710024634C /* ReportView.swift */,
				01D667912450BE0A0024634C /* Helpers.swift */,
				01D6677C2450BD820024634C /* Assets.xcassets */,
				01D667812450BD820024634C /* LaunchScreen.storyboard */,
				01D667842450BD820024634C /* Info.plist */,
				01D667772450BD7F0024634C /* BeCare.xcdatamodeld */,
				01D6677E2450BD820024634C /* Preview Content */,
			);
			path = BeCare;
			sourceTree = "<group>";
		};
		01D6677E2450BD820024634C /* Preview Content */ = {
			isa = PBXGroup;
			children = (
				01D6677F2450BD820024634C /* Preview Assets.xcassets */,
			);
			path = "Preview Content";
			sourceTree = "<group>";
		};
		01D6678A2450BE050024634C /* Models */ = {
			isa = PBXGroup;
			children = (
				01D6678B2450BE050024634C /* ReminderModel.swift */,
				01D6678C2450BE050024634C /* TripModel.swift */,
				01D6678D2450BE050024634C /* VehicleModel.swift */,
			);
			path = Models;
			sourceTree = "<group>";
		};
		01D667932450BE110024634C /* OnBoarding */ = {
			isa = PBXGroup;
			children = (
				01D667942450BE110024634C /* PageDotView.swift */,
				01D667952450BE110024634C /* OnBoarding.swift */,
				01D667962450BE110024634C /* PageViewController.swift */,
				01D667972450BE110024634C /* Subview.swift */,
			);
			path = OnBoarding;
			sourceTree = "<group>";
		};
		01D667A02450C42E0024634C /* Reminder */ = {
			isa = PBXGroup;
			children = (
				01D6679C2450BEBF0024634C /* ReminderView.swift */,
				01D667A12450C43C0024634C /* AddReminder.swift */,
			);
			path = Reminder;
			sourceTree = "<group>";
		};
/* End PBXGroup section */

/* Begin PBXNativeTarget section */
		01D6676F2450BD7F0024634C /* BeCare */ = {
			isa = PBXNativeTarget;
			buildConfigurationList = 01D667872450BD820024634C /* Build configuration list for PBXNativeTarget "BeCare" */;
			buildPhases = (
				01D6676C2450BD7F0024634C /* Sources */,
				01D6676D2450BD7F0024634C /* Frameworks */,
				01D6676E2450BD7F0024634C /* Resources */,
			);
			buildRules = (
			);
			dependencies = (
			);
			name = BeCare;
			productName = BeCare;
			productReference = 01D667702450BD7F0024634C /* BeCare.app */;
			productType = "com.apple.product-type.application";
		};
/* End PBXNativeTarget section */

/* Begin PBXProject section */
		01D667682450BD7F0024634C /* Project object */ = {
			isa = PBXProject;
			attributes = {
				LastSwiftUpdateCheck = 1140;
				LastUpgradeCheck = 1140;
				ORGANIZATIONNAME = "Giovanni Prisco";
				TargetAttributes = {
					01D6676F2450BD7F0024634C = {
						CreatedOnToolsVersion = 11.4.1;
					};
				};
			};
			buildConfigurationList = 01D6676B2450BD7F0024634C /* Build configuration list for PBXProject "BeCare" */;
			compatibilityVersion = "Xcode 9.3";
			developmentRegion = en;
			hasScannedForEncodings = 0;
			knownRegions = (
				en,
				Base,
			);
			mainGroup = 01D667672450BD7F0024634C;
			productRefGroup = 01D667712450BD7F0024634C /* Products */;
			projectDirPath = "";
			projectRoot = "";
			targets = (
				01D6676F2450BD7F0024634C /* BeCare */,
			);
		};
/* End PBXProject section */

/* Begin PBXResourcesBuildPhase section */
		01D6676E2450BD7F0024634C /* Resources */ = {
			isa = PBXResourcesBuildPhase;
			buildActionMask = 2147483647;
			files = (
				01D667832450BD820024634C /* LaunchScreen.storyboard in Resources */,
				01D667802450BD820024634C /* Preview Assets.xcassets in Resources */,
				01D6677D2450BD820024634C /* Assets.xcassets in Resources */,
			);
			runOnlyForDeploymentPostprocessing = 0;
		};
/* End PBXResourcesBuildPhase section */

/* Begin PBXSourcesBuildPhase section */
		01D6676C2450BD7F0024634C /* Sources */ = {
			isa = PBXSourcesBuildPhase;
			buildActionMask = 2147483647;
			files = (
				01D667902450BE050024634C /* VehicleModel.swift in Sources */,
				01D667792450BD7F0024634C /* BeCare.xcdatamodeld in Sources */,
				01D6679A2450BE110024634C /* PageViewController.swift in Sources */,
				01D667742450BD7F0024634C /* AppDelegate.swift in Sources */,
				01D6679F2450BF710024634C /* ReportView.swift in Sources */,
				01D667922450BE0A0024634C /* Helpers.swift in Sources */,
				01D667992450BE110024634C /* OnBoarding.swift in Sources */,
				01D6679D2450BEBF0024634C /* ReminderView.swift in Sources */,
				01D667982450BE110024634C /* PageDotView.swift in Sources */,
				01D6678F2450BE050024634C /* TripModel.swift in Sources */,
				01D6678E2450BE050024634C /* ReminderModel.swift in Sources */,
				01D6679B2450BE110024634C /* Subview.swift in Sources */,
				01D6677B2450BD7F0024634C /* ContentView.swift in Sources */,
				01D667762450BD7F0024634C /* SceneDelegate.swift in Sources */,
				01D667A22450C43C0024634C /* AddReminder.swift in Sources */,
			);
			runOnlyForDeploymentPostprocessing = 0;
		};
/* End PBXSourcesBuildPhase section */

/* Begin PBXVariantGroup section */
		01D667812450BD820024634C /* LaunchScreen.storyboard */ = {
			isa = PBXVariantGroup;
			children = (
				01D667822450BD820024634C /* Base */,
			);
			name = LaunchScreen.storyboard;
			sourceTree = "<group>";
		};
/* End PBXVariantGroup section */

/* Begin XCBuildConfiguration section */
		01D667852450BD820024634C /* Debug */ = {
			isa = XCBuildConfiguration;
			buildSettings = {
				ALWAYS_SEARCH_USER_PATHS = NO;
				CLANG_ANALYZER_NONNULL = YES;
				CLANG_ANALYZER_NUMBER_OBJECT_CONVERSION = YES_AGGRESSIVE;
				CLANG_CXX_LANGUAGE_STANDARD = "gnu++14";
				CLANG_CXX_LIBRARY = "libc++";
				CLANG_ENABLE_MODULES = YES;
				CLANG_ENABLE_OBJC_ARC = YES;
				CLANG_ENABLE_OBJC_WEAK = YES;
				CLANG_WARN_BLOCK_CAPTURE_AUTORELEASING = YES;
				CLANG_WARN_BOOL_CONVERSION = YES;
				CLANG_WARN_COMMA = YES;
				CLANG_WARN_CONSTANT_CONVERSION = YES;
				CLANG_WARN_DEPRECATED_OBJC_IMPLEMENTATIONS = YES;
				CLANG_WARN_DIRECT_OBJC_ISA_USAGE = YES_ERROR;
				CLANG_WARN_DOCUMENTATION_COMMENTS = YES;
				CLANG_WARN_EMPTY_BODY = YES;
				CLANG_WARN_ENUM_CONVERSION = YES;
				CLANG_WARN_INFINITE_RECURSION = YES;
				CLANG_WARN_INT_CONVERSION = YES;
				CLANG_WARN_NON_LITERAL_NULL_CONVERSION = YES;
				CLANG_WARN_OBJC_IMPLICIT_RETAIN_SELF = YES;
				CLANG_WARN_OBJC_LITERAL_CONVERSION = YES;
				CLANG_WARN_OBJC_ROOT_CLASS = YES_ERROR;
				CLANG_WARN_RANGE_LOOP_ANALYSIS = YES;
				CLANG_WARN_STRICT_PROTOTYPES = YES;
				CLANG_WARN_SUSPICIOUS_MOVE = YES;
				CLANG_WARN_UNGUARDED_AVAILABILITY = YES_AGGRESSIVE;
				CLANG_WARN_UNREACHABLE_CODE = YES;
				CLANG_WARN__DUPLICATE_METHOD_MATCH = YES;
				COPY_PHASE_STRIP = NO;
				DEBUG_INFORMATION_FORMAT = dwarf;
				ENABLE_STRICT_OBJC_MSGSEND = YES;
				ENABLE_TESTABILITY = YES;
				GCC_C_LANGUAGE_STANDARD = gnu11;
				GCC_DYNAMIC_NO_PIC = NO;
				GCC_NO_COMMON_BLOCKS = YES;
				GCC_OPTIMIZATION_LEVEL = 0;
				GCC_PREPROCESSOR_DEFINITIONS = (
					"DEBUG=1",
					"$(inherited)",
				);
				GCC_WARN_64_TO_32_BIT_CONVERSION = YES;
				GCC_WARN_ABOUT_RETURN_TYPE = YES_ERROR;
				GCC_WARN_UNDECLARED_SELECTOR = YES;
				GCC_WARN_UNINITIALIZED_AUTOS = YES_AGGRESSIVE;
				GCC_WARN_UNUSED_FUNCTION = YES;
				GCC_WARN_UNUSED_VARIABLE = YES;
				IPHONEOS_DEPLOYMENT_TARGET = 13.4;
				MTL_ENABLE_DEBUG_INFO = INCLUDE_SOURCE;
				MTL_FAST_MATH = YES;
				ONLY_ACTIVE_ARCH = YES;
				SDKROOT = iphoneos;
				SWIFT_ACTIVE_COMPILATION_CONDITIONS = DEBUG;
				SWIFT_OPTIMIZATION_LEVEL = "-Onone";
			};
			name = Debug;
		};
		01D667862450BD820024634C /* Release */ = {
			isa = XCBuildConfiguration;
			buildSettings = {
				ALWAYS_SEARCH_USER_PATHS = NO;
				CLANG_ANALYZER_NONNULL = YES;
				CLANG_ANALYZER_NUMBER_OBJECT_CONVERSION = YES_AGGRESSIVE;
				CLANG_CXX_LANGUAGE_STANDARD = "gnu++14";
				CLANG_CXX_LIBRARY = "libc++";
				CLANG_ENABLE_MODULES = YES;
				CLANG_ENABLE_OBJC_ARC = YES;
				CLANG_ENABLE_OBJC_WEAK = YES;
				CLANG_WARN_BLOCK_CAPTURE_AUTORELEASING = YES;
				CLANG_WARN_BOOL_CONVERSION = YES;
				CLANG_WARN_COMMA = YES;
				CLANG_WARN_CONSTANT_CONVERSION = YES;
				CLANG_WARN_DEPRECATED_OBJC_IMPLEMENTATIONS = YES;
				CLANG_WARN_DIRECT_OBJC_ISA_USAGE = YES_ERROR;
				CLANG_WARN_DOCUMENTATION_COMMENTS = YES;
				CLANG_WARN_EMPTY_BODY = YES;
				CLANG_WARN_ENUM_CONVERSION = YES;
				CLANG_WARN_INFINITE_RECURSION = YES;
				CLANG_WARN_INT_CONVERSION = YES;
				CLANG_WARN_NON_LITERAL_NULL_CONVERSION = YES;
				CLANG_WARN_OBJC_IMPLICIT_RETAIN_SELF = YES;
				CLANG_WARN_OBJC_LITERAL_CONVERSION = YES;
				CLANG_WARN_OBJC_ROOT_CLASS = YES_ERROR;
				CLANG_WARN_RANGE_LOOP_ANALYSIS = YES;
				CLANG_WARN_STRICT_PROTOTYPES = YES;
				CLANG_WARN_SUSPICIOUS_MOVE = YES;
				CLANG_WARN_UNGUARDED_AVAILABILITY = YES_AGGRESSIVE;
				CLANG_WARN_UNREACHABLE_CODE = YES;
				CLANG_WARN__DUPLICATE_METHOD_MATCH = YES;
				COPY_PHASE_STRIP = NO;
				DEBUG_INFORMATION_FORMAT = "dwarf-with-dsym";
				ENABLE_NS_ASSERTIONS = NO;
				ENABLE_STRICT_OBJC_MSGSEND = YES;
				GCC_C_LANGUAGE_STANDARD = gnu11;
				GCC_NO_COMMON_BLOCKS = YES;
				GCC_WARN_64_TO_32_BIT_CONVERSION = YES;
				GCC_WARN_ABOUT_RETURN_TYPE = YES_ERROR;
				GCC_WARN_UNDECLARED_SELECTOR = YES;
				GCC_WARN_UNINITIALIZED_AUTOS = YES_AGGRESSIVE;
				GCC_WARN_UNUSED_FUNCTION = YES;
				GCC_WARN_UNUSED_VARIABLE = YES;
				IPHONEOS_DEPLOYMENT_TARGET = 13.4;
				MTL_ENABLE_DEBUG_INFO = NO;
				MTL_FAST_MATH = YES;
				SDKROOT = iphoneos;
				SWIFT_COMPILATION_MODE = wholemodule;
				SWIFT_OPTIMIZATION_LEVEL = "-O";
				VALIDATE_PRODUCT = YES;
			};
			name = Release;
		};
		01D667882450BD820024634C /* Debug */ = {
			isa = XCBuildConfiguration;
			buildSettings = {
				ASSETCATALOG_COMPILER_APPICON_NAME = AppIcon;
				CODE_SIGN_STYLE = Automatic;
				DEVELOPMENT_ASSET_PATHS = "\"BeCare/Preview Content\"";
				DEVELOPMENT_TEAM = 6GCHYY4YGP;
				ENABLE_PREVIEWS = YES;
				INFOPLIST_FILE = BeCare/Info.plist;
				LD_RUNPATH_SEARCH_PATHS = (
					"$(inherited)",
					"@executable_path/Frameworks",
				);
				PRODUCT_BUNDLE_IDENTIFIER = com.developers.BeCare;
				PRODUCT_NAME = "$(TARGET_NAME)";
				SWIFT_VERSION = 5.0;
				TARGETED_DEVICE_FAMILY = "1,2";
			};
			name = Debug;
		};
		01D667892450BD820024634C /* Release */ = {
			isa = XCBuildConfiguration;
			buildSettings = {
				ASSETCATALOG_COMPILER_APPICON_NAME = AppIcon;
				CODE_SIGN_STYLE = Automatic;
				DEVELOPMENT_ASSET_PATHS = "\"BeCare/Preview Content\"";
				DEVELOPMENT_TEAM = 6GCHYY4YGP;
				ENABLE_PREVIEWS = YES;
				INFOPLIST_FILE = BeCare/Info.plist;
				LD_RUNPATH_SEARCH_PATHS = (
					"$(inherited)",
					"@executable_path/Frameworks",
				);
				PRODUCT_BUNDLE_IDENTIFIER = com.developers.BeCare;
				PRODUCT_NAME = "$(TARGET_NAME)";
				SWIFT_VERSION = 5.0;
				TARGETED_DEVICE_FAMILY = "1,2";
			};
			name = Release;
		};
/* End XCBuildConfiguration section */

/* Begin XCConfigurationList section */
		01D6676B2450BD7F0024634C /* Build configuration list for PBXProject "BeCare" */ = {
			isa = XCConfigurationList;
			buildConfigurations = (
				01D667852450BD820024634C /* Debug */,
				01D667862450BD820024634C /* Release */,
			);
			defaultConfigurationIsVisible = 0;
			defaultConfigurationName = Release;
		};
		01D667872450BD820024634C /* Build configuration list for PBXNativeTarget "BeCare" */ = {
			isa = XCConfigurationList;
			buildConfigurations = (
				01D667882450BD820024634C /* Debug */,
				01D667892450BD820024634C /* Release */,
			);
			defaultConfigurationIsVisible = 0;
			defaultConfigurationName = Release;
		};
/* End XCConfigurationList section */

/* Begin XCVersionGroup section */
		01D667772450BD7F0024634C /* BeCare.xcdatamodeld */ = {
			isa = XCVersionGroup;
			children = (
				01D667782450BD7F0024634C /* BeCare.xcdatamodel */,
			);
			currentVersion = 01D667782450BD7F0024634C /* BeCare.xcdatamodel */;
			path = BeCare.xcdatamodeld;
			sourceTree = "<group>";
			versionGroupType = wrapper.xcdatamodel;
		};
/* End XCVersionGroup section */
	};
	rootObject = 01D667682450BD7F0024634C /* Project object */;
}
